
Microsoft Visual Studio Solution File, Format Version 12.00
# Visual Studio Version 17
VisualStudioVersion = 17.6.33723.286
MinimumVisualStudioVersion = 10.0.40219.1
Project("{FAE04EC0-301F-11D3-BF4B-00C04F79EFBC}") = "HourSocketServerCS", "HourSocketServerCS\HourSocketServerCS.csproj", "{6507B6CB-BDA1-45E5-870B-50A40F510840}"
EndProject
Global
	GlobalSection(SolutionConfigurationPlatforms) = preSolution
		Debug|Any CPU = Debug|Any CPU
		Release|Any CPU = Release|Any CPU
	EndGlobalSection
	GlobalSection(ProjectConfigurationPlatforms) = postSolution
		{6507B6CB-BDA1-45E5-870B-50A40F510840}.Debug|Any CPU.ActiveCfg = Debug|Any CPU
		{6507B6CB-BDA1-45E5-870B-50A40F510840}.Debug|Any CPU.Build.0 = Debug|Any CPU
		{6507B6CB-BDA1-45E5-870B-50A40F510840}.Release|Any CPU.ActiveCfg = Release|Any CPU
		{6507B6CB-BDA1-45E5-870B-50A40F510840}.Release|Any CPU.Build.0 = Release|Any CPU
	EndGlobalSection
	GlobalSection(SolutionProperties) = preSolution
		HideSolutionNode = FALSE
	EndGlobalSection
	GlobalSection(ExtensibilityGlobals) = postSolution
		SolutionGuid = {BAEE2476-576E-47DC-88A8-B4E04D8BE125}
	EndGlobalSection
EndGlobal
